
Microsoft Visual Studio Solution File, Format Version 12.00
# Visual Studio Version 17
VisualStudioVersion = 17.13.35919.96
MinimumVisualStudioVersion = 10.0.40219.1
Project("{FAE04EC0-301F-11D3-BF4B-00C04F79EFBC}") = "Taskey", "Taskey\Taskey.csproj", "{A5B05360-8C1F-42D6-903A-41443F71B4AE}"
EndProject
Project("{FAE04EC0-301F-11D3-BF4B-00C04F79EFBC}") = "Model", "Model\Model.csproj", "{A82DE238-558D-4069-B8FD-39718A1C4F6D}"
EndProject
Project("{FAE04EC0-301F-11D3-BF4B-00C04F79EFBC}") = "Presenter", "Presenter\Presenter.csproj", "{C8CFD227-957D-4811-9488-196DB920E633}"
EndProject
Project("{FAE04EC0-301F-11D3-BF4B-00C04F79EFBC}") = "Tests", "Tests\Tests.csproj", "{DE03F8FD-16B0-413B-A378-945CA8DD0999}"
EndProject
Global
	GlobalSection(SolutionConfigurationPlatforms) = preSolution
		Debug|Any CPU = Debug|Any CPU
		Release|Any CPU = Release|Any CPU
	EndGlobalSection
	GlobalSection(ProjectConfigurationPlatforms) = postSolution
		{A5B05360-8C1F-42D6-903A-41443F71B4AE}.Debug|Any CPU.ActiveCfg = Debug|Any CPU
		{A5B05360-8C1F-42D6-903A-41443F71B4AE}.Debug|Any CPU.Build.0 = Debug|Any CPU
		{A5B05360-8C1F-42D6-903A-41443F71B4AE}.Release|Any CPU.ActiveCfg = Release|Any CPU
		{A5B05360-8C1F-42D6-903A-41443F71B4AE}.Release|Any CPU.Build.0 = Release|Any CPU
		{A82DE238-558D-4069-B8FD-39718A1C4F6D}.Debug|Any CPU.ActiveCfg = Debug|Any CPU
		{A82DE238-558D-4069-B8FD-39718A1C4F6D}.Debug|Any CPU.Build.0 = Debug|Any CPU
		{A82DE238-558D-4069-B8FD-39718A1C4F6D}.Release|Any CPU.ActiveCfg = Release|Any CPU
		{A82DE238-558D-4069-B8FD-39718A1C4F6D}.Release|Any CPU.Build.0 = Release|Any CPU
		{C8CFD227-957D-4811-9488-196DB920E633}.Debug|Any CPU.ActiveCfg = Debug|Any CPU
		{C8CFD227-957D-4811-9488-196DB920E633}.Debug|Any CPU.Build.0 = Debug|Any CPU
		{C8CFD227-957D-4811-9488-196DB920E633}.Release|Any CPU.ActiveCfg = Release|Any CPU
		{C8CFD227-957D-4811-9488-196DB920E633}.Release|Any CPU.Build.0 = Release|Any CPU
		{DE03F8FD-16B0-413B-A378-945CA8DD0999}.Debug|Any CPU.ActiveCfg = Debug|Any CPU
		{DE03F8FD-16B0-413B-A378-945CA8DD0999}.Debug|Any CPU.Build.0 = Debug|Any CPU
		{DE03F8FD-16B0-413B-A378-945CA8DD0999}.Release|Any CPU.ActiveCfg = Release|Any CPU
		{DE03F8FD-16B0-413B-A378-945CA8DD0999}.Release|Any CPU.Build.0 = Release|Any CPU
	EndGlobalSection
	GlobalSection(SolutionProperties) = preSolution
		HideSolutionNode = FALSE
	EndGlobalSection
	GlobalSection(ExtensibilityGlobals) = postSolution
		SolutionGuid = {90E81D91-661C-472D-8007-3CC2CC8B8A1E}
	EndGlobalSection
EndGlobal
